
Microsoft Visual Studio Solution File, Format Version 12.00
# Visual Studio Version 17
VisualStudioVersion = 17.4.33213.308
MinimumVisualStudioVersion = 10.0.40219.1
Project("{888888A0-9F3D-457C-B088-3A5042F75D52}") = "公众号2", "公众号2\公众号2.pyproj", "{D49659D0-6A08-41D0-94AB-C31832C2349D}"
EndProject
Project("{888888A0-9F3D-457C-B088-3A5042F75D52}") = "公众号链接", "..\公众号链接\公众号链接\公众号链接.pyproj", "{BF23911B-110E-41C5-AF6D-FE7E8E9B6552}"
EndProject
Global
	GlobalSection(SolutionConfigurationPlatforms) = preSolution
		Debug|Any CPU = Debug|Any CPU
		Release|Any CPU = Release|Any CPU
	EndGlobalSection
	GlobalSection(ProjectConfigurationPlatforms) = postSolution
		{D49659D0-6A08-41D0-94AB-C31832C2349D}.Debug|Any CPU.ActiveCfg = Debug|Any CPU
		{D49659D0-6A08-41D0-94AB-C31832C2349D}.Release|Any CPU.ActiveCfg = Release|Any CPU
		{BF23911B-110E-41C5-AF6D-FE7E8E9B6552}.Debug|Any CPU.ActiveCfg = Debug|Any CPU
		{BF23911B-110E-41C5-AF6D-FE7E8E9B6552}.Release|Any CPU.ActiveCfg = Release|Any CPU
	EndGlobalSection
	GlobalSection(SolutionProperties) = preSolution
		HideSolutionNode = FALSE
	EndGlobalSection
	GlobalSection(ExtensibilityGlobals) = postSolution
		SolutionGuid = {36FF6415-AED4-4A09-A077-4C97BCF8248A}
	EndGlobalSection
EndGlobal
