
Microsoft Visual Studio Solution File, Format Version 12.00
# Visual Studio Version 17
VisualStudioVersion = 17.6.33815.320
MinimumVisualStudioVersion = 10.0.40219.1
Project("{888888A0-9F3D-457C-B088-3A5042F75D52}") = "Used Moto", "Used Moto.pyproj", "{1EF80BF0-EFC0-41B3-9645-E9A8077EEEC6}"
EndProject
Global
	GlobalSection(SolutionConfigurationPlatforms) = preSolution
		Debug|Any CPU = Debug|Any CPU
		Release|Any CPU = Release|Any CPU
	EndGlobalSection
	GlobalSection(ProjectConfigurationPlatforms) = postSolution
		{1EF80BF0-EFC0-41B3-9645-E9A8077EEEC6}.Debug|Any CPU.ActiveCfg = Debug|Any CPU
		{1EF80BF0-EFC0-41B3-9645-E9A8077EEEC6}.Release|Any CPU.ActiveCfg = Release|Any CPU
	EndGlobalSection
	GlobalSection(SolutionProperties) = preSolution
		HideSolutionNode = FALSE
	EndGlobalSection
	GlobalSection(ExtensibilityGlobals) = postSolution
		SolutionGuid = {9094EDEA-9DB5-4964-A615-3CB1E7107E1D}
	EndGlobalSection
EndGlobal
